
Microsoft Visual Studio Solution File, Format Version 12.00
# Visual Studio Version 17
VisualStudioVersion = 17.0.31919.166
MinimumVisualStudioVersion = 10.0.40219.1
Project("{FAE04EC0-301F-11D3-BF4B-00C04F79EFBC}") = "zadanie_6.2", "zadanie_6.2\zadanie_6.2.csproj", "{7EDCB4EB-BC63-4AA5-9D4B-3839BA98F424}"
EndProject
Global
	GlobalSection(SolutionConfigurationPlatforms) = preSolution
		Debug|Any CPU = Debug|Any CPU
		Release|Any CPU = Release|Any CPU
	EndGlobalSection
	GlobalSection(ProjectConfigurationPlatforms) = postSolution
		{7EDCB4EB-BC63-4AA5-9D4B-3839BA98F424}.Debug|Any CPU.ActiveCfg = Debug|Any CPU
		{7EDCB4EB-BC63-4AA5-9D4B-3839BA98F424}.Debug|Any CPU.Build.0 = Debug|Any CPU
		{7EDCB4EB-BC63-4AA5-9D4B-3839BA98F424}.Release|Any CPU.ActiveCfg = Release|Any CPU
		{7EDCB4EB-BC63-4AA5-9D4B-3839BA98F424}.Release|Any CPU.Build.0 = Release|Any CPU
	EndGlobalSection
	GlobalSection(SolutionProperties) = preSolution
		HideSolutionNode = FALSE
	EndGlobalSection
	GlobalSection(ExtensibilityGlobals) = postSolution
		SolutionGuid = {6696DB1E-E575-40C4-BE7C-3559D34143A7}
	EndGlobalSection
EndGlobal
