
Microsoft Visual Studio Solution File, Format Version 12.00
# Visual Studio Version 17
VisualStudioVersion = 17.0.31919.166
MinimumVisualStudioVersion = 10.0.40219.1
Project("{FAE04EC0-301F-11D3-BF4B-00C04F79EFBC}") = "zadanie_8", "zadanie_8\zadanie_8.csproj", "{181F2768-1317-45F5-AAB1-F819F7EFFBEA}"
EndProject
Global
	GlobalSection(SolutionConfigurationPlatforms) = preSolution
		Debug|Any CPU = Debug|Any CPU
		Release|Any CPU = Release|Any CPU
	EndGlobalSection
	GlobalSection(ProjectConfigurationPlatforms) = postSolution
		{181F2768-1317-45F5-AAB1-F819F7EFFBEA}.Debug|Any CPU.ActiveCfg = Debug|Any CPU
		{181F2768-1317-45F5-AAB1-F819F7EFFBEA}.Debug|Any CPU.Build.0 = Debug|Any CPU
		{181F2768-1317-45F5-AAB1-F819F7EFFBEA}.Release|Any CPU.ActiveCfg = Release|Any CPU
		{181F2768-1317-45F5-AAB1-F819F7EFFBEA}.Release|Any CPU.Build.0 = Release|Any CPU
	EndGlobalSection
	GlobalSection(SolutionProperties) = preSolution
		HideSolutionNode = FALSE
	EndGlobalSection
	GlobalSection(ExtensibilityGlobals) = postSolution
		SolutionGuid = {639302E7-3A5B-4575-B685-D0E7028BD5BE}
	EndGlobalSection
EndGlobal
